
Microsoft Visual Studio Solution File, Format Version 12.00
# Visual Studio Version 17
VisualStudioVersion = 17.3.32825.248
MinimumVisualStudioVersion = 10.0.40219.1
Project("{9A19103F-16F7-4668-BE54-9A1E7A4F7556}") = "EldenRing.Api", "src\EldenRing.Api\EldenRing.Api.csproj", "{F5C8B7A3-6B27-45AF-9505-922AEFB3C2EF}"
EndProject
Global
	GlobalSection(SolutionConfigurationPlatforms) = preSolution
		Debug|Any CPU = Debug|Any CPU
		Release|Any CPU = Release|Any CPU
	EndGlobalSection
	GlobalSection(ProjectConfigurationPlatforms) = postSolution
		{F5C8B7A3-6B27-45AF-9505-922AEFB3C2EF}.Debug|Any CPU.ActiveCfg = Debug|Any CPU
		{F5C8B7A3-6B27-45AF-9505-922AEFB3C2EF}.Debug|Any CPU.Build.0 = Debug|Any CPU
		{F5C8B7A3-6B27-45AF-9505-922AEFB3C2EF}.Release|Any CPU.ActiveCfg = Release|Any CPU
		{F5C8B7A3-6B27-45AF-9505-922AEFB3C2EF}.Release|Any CPU.Build.0 = Release|Any CPU
	EndGlobalSection
	GlobalSection(SolutionProperties) = preSolution
		HideSolutionNode = FALSE
	EndGlobalSection
	GlobalSection(ExtensibilityGlobals) = postSolution
		SolutionGuid = {99467D13-3972-423D-AD4F-7B6E7E2A4FB5}
	EndGlobalSection
EndGlobal
